hash: 2b663dad2599ebcbcb735d0aa64cbbc0e06745e05c818353c0d2ffec95f13fb0
updated: 2016-04-13T10:13:17.339245121+09:00
imports:
- name: github.com/coreos/etcd
  version: 29853967681e161e756a6221b681743dc053604c
  subpackages:
  - client
  - pkg/pathutil
  - pkg/types
- name: github.com/gin-gonic/gin
  version: 27f912f5b2c8ee7dd7655d479dee2fc4d41d32d7
  subpackages:
  - binding
  - render
- name: github.com/golang/protobuf
  version: 2402d76f3d41f928c7902a765dfc872356dd3aad
  subpackages:
  - proto
- name: github.com/manucorporat/sse
  version: ee05b128a739a0fb76c7ebd3ae4810c1de808d6d
- name: github.com/ugorji/go
  version: a396ed22fc049df733440d90efe17475e3929ccb
  subpackages:
  - codec
- name: golang.org/x/net
  version: f315505cf3349909cdf013ea56690da34e96a451
  subpackages:
  - context
- name: gopkg.in/go-playground/validator.v8
  version: c193cecd124b5cc722d7ee5538e945bdb3348435
devImports: []
