hash: a32bf6edd33aeef9ebb2380e22156568e3f6df6d69e6065c87147899392f9bce
updated: 2016-05-19T14:20:41.078228174+09:00
imports:
- name: github.com/coreos/etcd
  version: 29853967681e161e756a6221b681743dc053604c
  subpackages:
  - client
  - pkg/pathutil
  - pkg/types
- name: github.com/gin-gonic/contrib
  version: 120df5cf76f14a246b04f0e35d5ee029b14d8dfb
  subpackages:
  - sessions
- name: github.com/gin-gonic/gin
  version: 27f912f5b2c8ee7dd7655d479dee2fc4d41d32d7
  subpackages:
  - binding
  - render
- name: github.com/golang/protobuf
  version: 2402d76f3d41f928c7902a765dfc872356dd3aad
  subpackages:
  - proto
- name: github.com/google/go-github
  version: 7ec4e45f77474b3a7b7d9b7ef233a0cc8339ddf3
  subpackages:
  - github
- name: github.com/kelseyhightower/envconfig
  version: cea086319492c3940683ea5e122aa5de70a33923
- name: github.com/manucorporat/sse
  version: ee05b128a739a0fb76c7ebd3ae4810c1de808d6d
- name: github.com/pkg/errors
  version: 7a0abd8f636d0048ea2fca80a67a23ef8c0e5c7d
- name: github.com/ugorji/go
  version: a396ed22fc049df733440d90efe17475e3929ccb
  subpackages:
  - codec
- name: golang.org/x/net
  version: f315505cf3349909cdf013ea56690da34e96a451
  subpackages:
  - context
- name: golang.org/x/oauth2
  version: e86e2718db89775a4604abc10a5d3a5672e7336e
  subpackages:
  - github
  - internal
- name: google.golang.org/appengine
  version: e234e71924d4aa52444bc76f2f831f13fa1eca60
  subpackages:
  - urlfetch
  - internal
  - internal/urlfetch
  - internal/base
  - internal/datastore
  - internal/log
  - internal/remote_api
- name: gopkg.in/go-playground/validator.v8
  version: c193cecd124b5cc722d7ee5538e945bdb3348435
devImports: []
